{
  "name": "developer-site-recreation",
  "lockfileVersion": 3,
  "requires": true,
  "packages": {
    "": {
      "name": "developer-site-recreation",
      "dependencies": {
        "acorn": "^8.15.0"
      }
    },
    "node_modules/acorn": {
      "version": "8.18.0",
      "resolved": "https://ms-feed-25.pkgs.visualstudio.com/1es-public/_packaging/npm-public/npm/registry/acorn/-/acorn-8.18.0.tgz",
      "integrity": "sha1-T68BstbTJr/u2XrqH1IiC19MGUA=",
      "license": "MIT",
      "bin": {
        "acorn": "bin/acorn"
      },
      "engines": {
        "node": ">=0.4.0"
      }
    }
  }
}
